
Microsoft Visual Studio Solution File, Format Version 12.00
# Visual Studio Version 17
VisualStudioVersion = 17.5.2.0
MinimumVisualStudioVersion = 10.0.40219.1
Project("{FAE04EC0-301F-11D3-BF4B-00C04F79EFBC}") = "CodingChallenge.Runner", "CodingChallenge.Runner\CodingChallenge.Runner.csproj", "{8991FEE6-7CA1-4A52-B543-8689EDF30B02}"
EndProject
Project("{FAE04EC0-301F-11D3-BF4B-00C04F79EFBC}") = "CodingChallenge.Api", "CodingChallenge.Api\CodingChallenge.Api.csproj", "{E45D0B1C-A6CB-4BBB-9686-1B6EAFD584DF}"
EndProject
Project("{FAE04EC0-301F-11D3-BF4B-00C04F79EFBC}") = "CodingChallenge.Core", "CodingChallenge.Core\CodingChallenge.Core.csproj", "{72E2809D-18BD-4CF1-A033-7DCD99F72CD5}"
EndProject
Global
	GlobalSection(SolutionConfigurationPlatforms) = preSolution
		Debug|Any CPU = Debug|Any CPU
		Debug|x64 = Debug|x64
		Debug|x86 = Debug|x86
		Release|Any CPU = Release|Any CPU
		Release|x64 = Release|x64
		Release|x86 = Release|x86
	EndGlobalSection
	GlobalSection(ProjectConfigurationPlatforms) = postSolution
		{8991FEE6-7CA1-4A52-B543-8689EDF30B02}.Debug|Any CPU.ActiveCfg = Debug|Any CPU
		{8991FEE6-7CA1-4A52-B543-8689EDF30B02}.Debug|Any CPU.Build.0 = Debug|Any CPU
		{8991FEE6-7CA1-4A52-B543-8689EDF30B02}.Debug|x64.ActiveCfg = Debug|Any CPU
		{8991FEE6-7CA1-4A52-B543-8689EDF30B02}.Debug|x64.Build.0 = Debug|Any CPU
		{8991FEE6-7CA1-4A52-B543-8689EDF30B02}.Debug|x86.ActiveCfg = Debug|Any CPU
		{8991FEE6-7CA1-4A52-B543-8689EDF30B02}.Debug|x86.Build.0 = Debug|Any CPU
		{8991FEE6-7CA1-4A52-B543-8689EDF30B02}.Release|Any CPU.ActiveCfg = Release|Any CPU
		{8991FEE6-7CA1-4A52-B543-8689EDF30B02}.Release|Any CPU.Build.0 = Release|Any CPU
		{8991FEE6-7CA1-4A52-B543-8689EDF30B02}.Release|x64.ActiveCfg = Release|Any CPU
		{8991FEE6-7CA1-4A52-B543-8689EDF30B02}.Release|x64.Build.0 = Release|Any CPU
		{8991FEE6-7CA1-4A52-B543-8689EDF30B02}.Release|x86.ActiveCfg = Release|Any CPU
		{8991FEE6-7CA1-4A52-B543-8689EDF30B02}.Release|x86.Build.0 = Release|Any CPU
		{E45D0B1C-A6CB-4BBB-9686-1B6EAFD584DF}.Debug|Any CPU.ActiveCfg = Debug|Any CPU
		{E45D0B1C-A6CB-4BBB-9686-1B6EAFD584DF}.Debug|Any CPU.Build.0 = Debug|Any CPU
		{E45D0B1C-A6CB-4BBB-9686-1B6EAFD584DF}.Debug|x64.ActiveCfg = Debug|Any CPU
		{E45D0B1C-A6CB-4BBB-9686-1B6EAFD584DF}.Debug|x64.Build.0 = Debug|Any CPU
		{E45D0B1C-A6CB-4BBB-9686-1B6EAFD584DF}.Debug|x86.ActiveCfg = Debug|Any CPU
		{E45D0B1C-A6CB-4BBB-9686-1B6EAFD584DF}.Debug|x86.Build.0 = Debug|Any CPU
		{E45D0B1C-A6CB-4BBB-9686-1B6EAFD584DF}.Release|Any CPU.ActiveCfg = Release|Any CPU
		{E45D0B1C-A6CB-4BBB-9686-1B6EAFD584DF}.Release|Any CPU.Build.0 = Release|Any CPU
		{E45D0B1C-A6CB-4BBB-9686-1B6EAFD584DF}.Release|x64.ActiveCfg = Release|Any CPU
		{E45D0B1C-A6CB-4BBB-9686-1B6EAFD584DF}.Release|x64.Build.0 = Release|Any CPU
		{E45D0B1C-A6CB-4BBB-9686-1B6EAFD584DF}.Release|x86.ActiveCfg = Release|Any CPU
		{E45D0B1C-A6CB-4BBB-9686-1B6EAFD584DF}.Release|x86.Build.0 = Release|Any CPU
		{72E2809D-18BD-4CF1-A033-7DCD99F72CD5}.Debug|Any CPU.ActiveCfg = Debug|Any CPU
		{72E2809D-18BD-4CF1-A033-7DCD99F72CD5}.Debug|Any CPU.Build.0 = Debug|Any CPU
		{72E2809D-18BD-4CF1-A033-7DCD99F72CD5}.Debug|x64.ActiveCfg = Debug|Any CPU
		{72E2809D-18BD-4CF1-A033-7DCD99F72CD5}.Debug|x64.Build.0 = Debug|Any CPU
		{72E2809D-18BD-4CF1-A033-7DCD99F72CD5}.Debug|x86.ActiveCfg = Debug|Any CPU
		{72E2809D-18BD-4CF1-A033-7DCD99F72CD5}.Debug|x86.Build.0 = Debug|Any CPU
		{72E2809D-18BD-4CF1-A033-7DCD99F72CD5}.Release|Any CPU.ActiveCfg = Release|Any CPU
		{72E2809D-18BD-4CF1-A033-7DCD99F72CD5}.Release|Any CPU.Build.0 = Release|Any CPU
		{72E2809D-18BD-4CF1-A033-7DCD99F72CD5}.Release|x64.ActiveCfg = Release|Any CPU
		{72E2809D-18BD-4CF1-A033-7DCD99F72CD5}.Release|x64.Build.0 = Release|Any CPU
		{72E2809D-18BD-4CF1-A033-7DCD99F72CD5}.Release|x86.ActiveCfg = Release|Any CPU
		{72E2809D-18BD-4CF1-A033-7DCD99F72CD5}.Release|x86.Build.0 = Release|Any CPU
	EndGlobalSection
	GlobalSection(SolutionProperties) = preSolution
		HideSolutionNode = FALSE
	EndGlobalSection
	GlobalSection(ExtensibilityGlobals) = postSolution
		SolutionGuid = {6E1FB5CC-4817-4653-88B2-D66362D81BF8}
	EndGlobalSection
EndGlobal
